// !$*UTF8*$!
{
	archiveVersion = 1;
	classes = {
	};
	objectVersion = 50;
	objects = {

/* Begin PBXBuildFile section */
		BF06DB182194901F0078C919 /* AppDelegate.swift in Sources */ = {isa = PBXBuildFile; fileRef = BF06DB172194901F0078C919 /* AppDelegate.swift */; };
		BF06DB1A2194901F0078C919 /* ViewController.swift in Sources */ = {isa = PBXBuildFile; fileRef = BF06DB192194901F0078C919 /* ViewController.swift */; };
		BF06DB1D2194901F0078C919 /* Main.storyboard in Resources */ = {isa = PBXBuildFile; fileRef = BF06DB1B2194901F0078C919 /* Main.storyboard */; };
		BF06DB202194901F0078C919 /* LearnToPlay.xcdatamodeld in Sources */ = {isa = PBXBuildFile; fileRef = BF06DB1E2194901F0078C919 /* LearnToPlay.xcdatamodeld */; };
		BF06DB22219490210078C919 /* Assets.xcassets in Resources */ = {isa = PBXBuildFile; fileRef = BF06DB21219490210078C919 /* Assets.xcassets */; };
		BF06DB25219490210078C919 /* LaunchScreen.storyboard in Resources */ = {isa = PBXBuildFile; fileRef = BF06DB23219490210078C919 /* LaunchScreen.storyboard */; };
/* End PBXBuildFile section */

/* Begin PBXFileReference section */
		BF06DB142194901F0078C919 /* LearnToPlay.app */ = {isa = PBXFileReference; explicitFileType = wrapper.application; includeInIndex = 0; path = LearnToPlay.app; sourceTree = BUILT_PRODUCTS_DIR; };
		BF06DB172194901F0078C919 /* AppDelegate.swift */ = {isa = PBXFileReference; lastKnownFileType = sourcecode.swift; path = AppDelegate.swift; sourceTree = "<group>"; };
		BF06DB192194901F0078C919 /* ViewController.swift */ = {isa = PBXFileReference; lastKnownFileType = sourcecode.swift; path = ViewController.swift; sourceTree = "<group>"; };
		BF06DB1C2194901F0078C919 /* Base */ = {isa = PBXFileReference; lastKnownFileType = file.storyboard; name = Base; path = Base.lproj/Main.storyboard; sourceTree = "<group>"; };
		BF06DB1F2194901F0078C919 /* LearnToPlay.xcdatamodel */ = {isa = PBXFileReference; lastKnownFileType = wrapper.xcdatamodel; path = LearnToPlay.xcdatamodel; sourceTree = "<group>"; };
		BF06DB21219490210078C919 /* Assets.xcassets */ = {isa = PBXFileReference; lastKnownFileType = folder.assetcatalog; path = Assets.xcassets; sourceTree = "<group>"; };
		BF06DB24219490210078C919 /* Base */ = {isa = PBXFileReference; lastKnownFileType = file.storyboard; name = Base; path = Base.lproj/LaunchScreen.storyboard; sourceTree = "<group>"; };
		BF06DB26219490210078C919 /* Info.plist */ = {isa = PBXFileReference; lastKnownFileType = text.plist.xml; path = Info.plist; sourceTree = "<group>"; };
/* End PBXFileReference section */

/* Begin PBXFrameworksBuildPhase section */
		BF06DB112194901F0078C919 /* Frameworks */ = {
			isa = PBXFrameworksBuildPhase;
			buildActionMask = 2147483647;
			files = (
			);
			runOnlyForDeploymentPostprocessing = 0;
		};
/* End PBXFrameworksBuildPhase section */

/* Begin PBXGroup section */
		BF06DB0B2194901F0078C919 = {
			isa = PBXGroup;
			children = (
				BF06DB162194901F0078C919 /* LearnToPlay */,
				BF06DB152194901F0078C919 /* Products */,
			);
			sourceTree = "<group>";
		};
		BF06DB152194901F0078C919 /* Products */ = {
			isa = PBXGroup;
			children = (
				BF06DB142194901F0078C919 /* LearnToPlay.app */,
			);
			name = Products;
			sourceTree = "<group>";
		};
		BF06DB162194901F0078C919 /* LearnToPlay */ = {
			isa = PBXGroup;
			children = (
				BF06DB172194901F0078C919 /* AppDelegate.swift */,
				BF06DB192194901F0078C919 /* ViewController.swift */,
				BF06DB1B2194901F0078C919 /* Main.storyboard */,
				BF06DB21219490210078C919 /* Assets.xcassets */,
				BF06DB23219490210078C919 /* LaunchScreen.storyboard */,
				BF06DB26219490210078C919 /* Info.plist */,
				BF06DB1E2194901F0078C919 /* LearnToPlay.xcdatamodeld */,
			);
			path = LearnToPlay;
			sourceTree = "<group>";
		};
/* End PBXGroup section */

/* Begin PBXNativeTarget section */
		BF06DB132194901F0078C919 /* LearnToPlay */ = {
			isa = PBXNativeTarget;
			buildConfigurationList = BF06DB29219490210078C919 /* Build configuration list for PBXNativeTarget "LearnToPlay" */;
			buildPhases = (
				BF06DB102194901F0078C919 /* Sources */,
				BF06DB112194901F0078C919 /* Frameworks */,
				BF06DB122194901F0078C919 /* Resources */,
			);
			buildRules = (
			);
			dependencies = (
			);
			name = LearnToPlay;
			productName = LearnToPlay;
			productReference = BF06DB142194901F0078C919 /* LearnToPlay.app */;
			productType = "com.apple.product-type.application";
		};
/* End PBXNativeTarget section */

/* Begin PBXProject section */
		BF06DB0C2194901F0078C919 /* Project object */ = {
			isa = PBXProject;
			attributes = {
				LastSwiftUpdateCheck = 0940;
				LastUpgradeCheck = 0940;
				ORGANIZATIONNAME = "Lu Ramirez Tlax";
				TargetAttributes = {
					BF06DB132194901F0078C919 = {
						CreatedOnToolsVersion = 9.4.1;
					};
				};
			};
			buildConfigurationList = BF06DB0F2194901F0078C919 /* Build configuration list for PBXProject "LearnToPlay" */;
			compatibilityVersion = "Xcode 9.3";
			developmentRegion = en;
			hasScannedForEncodings = 0;
			knownRegions = (
				en,
				Base,
			);
			mainGroup = BF06DB0B2194901F0078C919;
			productRefGroup = BF06DB152194901F0078C919 /* Products */;
			projectDirPath = "";
			projectRoot = "";
			targets = (
				BF06DB132194901F0078C919 /* LearnToPlay */,
			);
		};
/* End PBXProject section */

/* Begin PBXResourcesBuildPhase section */
		BF06DB122194901F0078C919 /* Resources */ = {
			isa = PBXResourcesBuildPhase;
			buildActionMask = 2147483647;
			files = (
				BF06DB25219490210078C919 /* LaunchScreen.storyboard in Resources */,
				BF06DB22219490210078C919 /* Assets.xcassets in Resources */,
				BF06DB1D2194901F0078C919 /* Main.storyboard in Resources */,
			);
			runOnlyForDeploymentPostprocessing = 0;
		};
/* End PBXResourcesBuildPhase section */

/* Begin PBXSourcesBuildPhase section */
		BF06DB102194901F0078C919 /* Sources */ = {
			isa = PBXSourcesBuildPhase;
			buildActionMask = 2147483647;
			files = (
				BF06DB1A2194901F0078C919 /* ViewController.swift in Sources */,
				BF06DB182194901F0078C919 /* AppDelegate.swift in Sources */,
				BF06DB202194901F0078C919 /* LearnToPlay.xcdatamodeld in Sources */,
			);
			runOnlyForDeploymentPostprocessing = 0;
		};
/* End PBXSourcesBuildPhase section */

/* Begin PBXVariantGroup section */
		BF06DB1B2194901F0078C919 /* Main.storyboard */ = {
			isa = PBXVariantGroup;
			children = (
				BF06DB1C2194901F0078C919 /* Base */,
			);
			name = Main.storyboard;
			sourceTree = "<group>";
		};
		BF06DB23219490210078C919 /* LaunchScreen.storyboard */ = {
			isa = PBXVariantGroup;
			children = (
				BF06DB24219490210078C919 /* Base */,
			);
			name = LaunchScreen.storyboard;
			sourceTree = "<group>";
		};
/* End PBXVariantGroup section */

/* Begin XCBuildConfiguration section */
		BF06DB27219490210078C919 /* Debug */ = {
			isa = XCBuildConfiguration;
			buildSettings = {
				ALWAYS_SEARCH_USER_PATHS = NO;
				CLANG_ANALYZER_NONNULL = YES;
				CLANG_ANALYZER_NUMBER_OBJECT_CONVERSION = YES_AGGRESSIVE;
				CLANG_CXX_LANGUAGE_STANDARD = "gnu++14";
				CLANG_CXX_LIBRARY = "libc++";
				CLANG_ENABLE_MODULES = YES;
				CLANG_ENABLE_OBJC_ARC = YES;
				CLANG_ENABLE_OBJC_WEAK = YES;
				CLANG_WARN_BLOCK_CAPTURE_AUTORELEASING = YES;
				CLANG_WARN_BOOL_CONVERSION = YES;
				CLANG_WARN_COMMA = YES;
				CLANG_WARN_CONSTANT_CONVERSION = YES;
				CLANG_WARN_DEPRECATED_OBJC_IMPLEMENTATIONS = YES;
				CLANG_WARN_DIRECT_OBJC_ISA_USAGE = YES_ERROR;
				CLANG_WARN_DOCUMENTATION_COMMENTS = YES;
				CLANG_WARN_EMPTY_BODY = YES;
				CLANG_WARN_ENUM_CONVERSION = YES;
				CLANG_WARN_INFINITE_RECURSION = YES;
				CLANG_WARN_INT_CONVERSION = YES;
				CLANG_WARN_NON_LITERAL_NULL_CONVERSION = YES;
				CLANG_WARN_OBJC_IMPLICIT_RETAIN_SELF = YES;
				CLANG_WARN_OBJC_LITERAL_CONVERSION = YES;
				CLANG_WARN_OBJC_ROOT_CLASS = YES_ERROR;
				CLANG_WARN_RANGE_LOOP_ANALYSIS = YES;
				CLANG_WARN_STRICT_PROTOTYPES = YES;
				CLANG_WARN_SUSPICIOUS_MOVE = YES;
				CLANG_WARN_UNGUARDED_AVAILABILITY = YES_AGGRESSIVE;
				CLANG_WARN_UNREACHABLE_CODE = YES;
				CLANG_WARN__DUPLICATE_METHOD_MATCH = YES;
				CODE_SIGN_IDENTITY = "iPhone Developer";
				COPY_PHASE_STRIP = NO;
				DEBUG_INFORMATION_FORMAT = dwarf;
				ENABLE_STRICT_OBJC_MSGSEND = YES;
				ENABLE_TESTABILITY = YES;
				GCC_C_LANGUAGE_STANDARD = gnu11;
				GCC_DYNAMIC_NO_PIC = NO;
				GCC_NO_COMMON_BLOCKS = YES;
				GCC_OPTIMIZATION_LEVEL = 0;
				GCC_PREPROCESSOR_DEFINITIONS = (
					"DEBUG=1",
					"$(inherited)",
				);
				GCC_WARN_64_TO_32_BIT_CONVERSION = YES;
				GCC_WARN_ABOUT_RETURN_TYPE = YES_ERROR;
				GCC_WARN_UNDECLARED_SELECTOR = YES;
				GCC_WARN_UNINITIALIZED_AUTOS = YES_AGGRESSIVE;
				GCC_WARN_UNUSED_FUNCTION = YES;
				GCC_WARN_UNUSED_VARIABLE = YES;
				IPHONEOS_DEPLOYMENT_TARGET = 11.4;
				MTL_ENABLE_DEBUG_INFO = YES;
				ONLY_ACTIVE_ARCH = YES;
				SDKROOT = iphoneos;
				SWIFT_ACTIVE_COMPILATION_CONDITIONS = DEBUG;
				SWIFT_OPTIMIZATION_LEVEL = "-Onone";
			};
			name = Debug;
		};
		BF06DB28219490210078C919 /* Release */ = {
			isa = XCBuildConfiguration;
			buildSettings = {
				ALWAYS_SEARCH_USER_PATHS = NO;
				CLANG_ANALYZER_NONNULL = YES;
				CLANG_ANALYZER_NUMBER_OBJECT_CONVERSION = YES_AGGRESSIVE;
				CLANG_CXX_LANGUAGE_STANDARD = "gnu++14";
				CLANG_CXX_LIBRARY = "libc++";
				CLANG_ENABLE_MODULES = YES;
				CLANG_ENABLE_OBJC_ARC = YES;
				CLANG_ENABLE_OBJC_WEAK = YES;
				CLANG_WARN_BLOCK_CAPTURE_AUTORELEASING = YES;
				CLANG_WARN_BOOL_CONVERSION = YES;
				CLANG_WARN_COMMA = YES;
				CLANG_WARN_CONSTANT_CONVERSION = YES;
				CLANG_WARN_DEPRECATED_OBJC_IMPLEMENTATIONS = YES;
				CLANG_WARN_DIRECT_OBJC_ISA_USAGE = YES_ERROR;
				CLANG_WARN_DOCUMENTATION_COMMENTS = YES;
				CLANG_WARN_EMPTY_BODY = YES;
				CLANG_WARN_ENUM_CONVERSION = YES;
				CLANG_WARN_INFINITE_RECURSION = YES;
				CLANG_WARN_INT_CONVERSION = YES;
				CLANG_WARN_NON_LITERAL_NULL_CONVERSION = YES;
				CLANG_WARN_OBJC_IMPLICIT_RETAIN_SELF = YES;
				CLANG_WARN_OBJC_LITERAL_CONVERSION = YES;
				CLANG_WARN_OBJC_ROOT_CLASS = YES_ERROR;
				CLANG_WARN_RANGE_LOOP_ANALYSIS = YES;
				CLANG_WARN_STRICT_PROTOTYPES = YES;
				CLANG_WARN_SUSPICIOUS_MOVE = YES;
				CLANG_WARN_UNGUARDED_AVAILABILITY = YES_AGGRESSIVE;
				CLANG_WARN_UNREACHABLE_CODE = YES;
				CLANG_WARN__DUPLICATE_METHOD_MATCH = YES;
				CODE_SIGN_IDENTITY = "iPhone Developer";
				COPY_PHASE_STRIP = NO;
				DEBUG_INFORMATION_FORMAT = "dwarf-with-dsym";
				ENABLE_NS_ASSERTIONS = NO;
				ENABLE_STRICT_OBJC_MSGSEND = YES;
				GCC_C_LANGUAGE_STANDARD = gnu11;
				GCC_NO_COMMON_BLOCKS = YES;
				GCC_WARN_64_TO_32_BIT_CONVERSION = YES;
				GCC_WARN_ABOUT_RETURN_TYPE = YES_ERROR;
				GCC_WARN_UNDECLARED_SELECTOR = YES;
				GCC_WARN_UNINITIALIZED_AUTOS = YES_AGGRESSIVE;
				GCC_WARN_UNUSED_FUNCTION = YES;
				GCC_WARN_UNUSED_VARIABLE = YES;
				IPHONEOS_DEPLOYMENT_TARGET = 11.4;
				MTL_ENABLE_DEBUG_INFO = NO;
				SDKROOT = iphoneos;
				SWIFT_COMPILATION_MODE = wholemodule;
				SWIFT_OPTIMIZATION_LEVEL = "-O";
				VALIDATE_PRODUCT = YES;
			};
			name = Release;
		};
		BF06DB2A219490210078C919 /* Debug */ = {
			isa = XCBuildConfiguration;
			buildSettings = {
				ASSETCATALOG_COMPILER_APPICON_NAME = AppIcon;
				CODE_SIGN_STYLE = Automatic;
				DEVELOPMENT_TEAM = 6YWG9U858E;
				INFOPLIST_FILE = LearnToPlay/Info.plist;
				LD_RUNPATH_SEARCH_PATHS = (
					"$(inherited)",
					"@executable_path/Frameworks",
				);
				PRODUCT_BUNDLE_IDENTIFIER = com.LuRamirezTlax.LearnToPlay;
				PRODUCT_NAME = "$(TARGET_NAME)";
				SWIFT_VERSION = 4.0;
				TARGETED_DEVICE_FAMILY = "1,2";
			};
			name = Debug;
		};
		BF06DB2B219490210078C919 /* Release */ = {
			isa = XCBuildConfiguration;
			buildSettings = {
				ASSETCATALOG_COMPILER_APPICON_NAME = AppIcon;
				CODE_SIGN_STYLE = Automatic;
				DEVELOPMENT_TEAM = 6YWG9U858E;
				INFOPLIST_FILE = LearnToPlay/Info.plist;
				LD_RUNPATH_SEARCH_PATHS = (
					"$(inherited)",
					"@executable_path/Frameworks",
				);
				PRODUCT_BUNDLE_IDENTIFIER = com.LuRamirezTlax.LearnToPlay;
				PRODUCT_NAME = "$(TARGET_NAME)";
				SWIFT_VERSION = 4.0;
				TARGETED_DEVICE_FAMILY = "1,2";
			};
			name = Release;
		};
/* End XCBuildConfiguration section */

/* Begin XCConfigurationList section */
		BF06DB0F2194901F0078C919 /* Build configuration list for PBXProject "LearnToPlay" */ = {
			isa = XCConfigurationList;
			buildConfigurations = (
				BF06DB27219490210078C919 /* Debug */,
				BF06DB28219490210078C919 /* Release */,
			);
			defaultConfigurationIsVisible = 0;
			defaultConfigurationName = Release;
		};
		BF06DB29219490210078C919 /* Build configuration list for PBXNativeTarget "LearnToPlay" */ = {
			isa = XCConfigurationList;
			buildConfigurations = (
				BF06DB2A219490210078C919 /* Debug */,
				BF06DB2B219490210078C919 /* Release */,
			);
			defaultConfigurationIsVisible = 0;
			defaultConfigurationName = Release;
		};
/* End XCConfigurationList section */

/* Begin XCVersionGroup section */
		BF06DB1E2194901F0078C919 /* LearnToPlay.xcdatamodeld */ = {
			isa = XCVersionGroup;
			children = (
				BF06DB1F2194901F0078C919 /* LearnToPlay.xcdatamodel */,
			);
			currentVersion = BF06DB1F2194901F0078C919 /* LearnToPlay.xcdatamodel */;
			path = LearnToPlay.xcdatamodeld;
			sourceTree = "<group>";
			versionGroupType = wrapper.xcdatamodel;
		};
/* End XCVersionGroup section */
	};
	rootObject = BF06DB0C2194901F0078C919 /* Project object */;
}
