// !$*UTF8*$!
{
	archiveVersion = 1;
	classes = {
	};
	objectVersion = 50;
	objects = {

/* Begin PBXBuildFile section */
		BF06DB182194901F0078C919 /* AppDelegate.swift in Sources */ = {isa = PBXBuildFile; fileRef = BF06DB172194901F0078C919 /* AppDelegate.swift */; };
		BF06DB1A2194901F0078C919 /* LoginController.swift in Sources */ = {isa = PBXBuildFile; fileRef = BF06DB192194901F0078C919 /* LoginController.swift */; };
		BF06DB1D2194901F0078C919 /* Main.storyboard in Resources */ = {isa = PBXBuildFile; fileRef = BF06DB1B2194901F0078C919 /* Main.storyboard */; };
		BF06DB202194901F0078C919 /* LearnToPlay.xcdatamodeld in Sources */ = {isa = PBXBuildFile; fileRef = BF06DB1E2194901F0078C919 /* LearnToPlay.xcdatamodeld */; };
		BF06DB22219490210078C919 /* Assets.xcassets in Resources */ = {isa = PBXBuildFile; fileRef = BF06DB21219490210078C919 /* Assets.xcassets */; };
		BF06DB25219490210078C919 /* LaunchScreen.storyboard in Resources */ = {isa = PBXBuildFile; fileRef = BF06DB23219490210078C919 /* LaunchScreen.storyboard */; };
		BF06DB2D21949C3D0078C919 /* InicioController.swift in Sources */ = {isa = PBXBuildFile; fileRef = BF06DB2C21949C3D0078C919 /* InicioController.swift */; };
		BF06DB312194A9680078C919 /* GoogleService-Info.plist in Resources */ = {isa = PBXBuildFile; fileRef = BF06DB302194A9680078C919 /* GoogleService-Info.plist */; };
		BF06DB33219883E00078C919 /* CarruselController.swift in Sources */ = {isa = PBXBuildFile; fileRef = BF06DB32219883E00078C919 /* CarruselController.swift */; };
		BF06DB362198F38D0078C919 /* CustomTabBarController.swift in Sources */ = {isa = PBXBuildFile; fileRef = BF06DB352198F38D0078C919 /* CustomTabBarController.swift */; };
		BF06DB39219918000078C919 /* AreasViewController.swift in Sources */ = {isa = PBXBuildFile; fileRef = BF06DB38219918000078C919 /* AreasViewController.swift */; };
		BF06DB3B219918880078C919 /* AreasCollectionCell.swift in Sources */ = {isa = PBXBuildFile; fileRef = BF06DB3A219918880078C919 /* AreasCollectionCell.swift */; };
		BF06DB3D219918A50078C919 /* DetalleAreaController.swift in Sources */ = {isa = PBXBuildFile; fileRef = BF06DB3C219918A50078C919 /* DetalleAreaController.swift */; };
		BF06DB4021992BA40078C919 /* MenuController.swift in Sources */ = {isa = PBXBuildFile; fileRef = BF06DB3F21992BA40078C919 /* MenuController.swift */; };
		BF06DB4221992C9D0078C919 /* TerminosController.swift in Sources */ = {isa = PBXBuildFile; fileRef = BF06DB4121992C9D0078C919 /* TerminosController.swift */; };
		BF06DB4421992CAA0078C919 /* PoliticasController.swift in Sources */ = {isa = PBXBuildFile; fileRef = BF06DB4321992CAA0078C919 /* PoliticasController.swift */; };
		BF06DB4721994E560078C919 /* MateController.swift in Sources */ = {isa = PBXBuildFile; fileRef = BF06DB4621994E560078C919 /* MateController.swift */; };
		BF06DB4A21994E900078C919 /* EspanolController.swift in Sources */ = {isa = PBXBuildFile; fileRef = BF06DB4921994E900078C919 /* EspanolController.swift */; };
		BF06DB4D21994EBB0078C919 /* HistoriaCulturaController.swift in Sources */ = {isa = PBXBuildFile; fileRef = BF06DB4C21994EBB0078C919 /* HistoriaCulturaController.swift */; };
		BF06DB5021994EDE0078C919 /* GeografiaController.swift in Sources */ = {isa = PBXBuildFile; fileRef = BF06DB4F21994EDE0078C919 /* GeografiaController.swift */; };
		BF06DB5321994F040078C919 /* CienciasNaturalesController.swift in Sources */ = {isa = PBXBuildFile; fileRef = BF06DB5221994F040078C919 /* CienciasNaturalesController.swift */; };
		BF06DB552199584D0078C919 /* MateCollectionCell.swift in Sources */ = {isa = PBXBuildFile; fileRef = BF06DB542199584D0078C919 /* MateCollectionCell.swift */; };
		D8B1CD8B8D55A53955E7DC73 /* Pods_LearnToPlay.framework in Frameworks */ = {isa = PBXBuildFile; fileRef = EAC95A0ECC0DF9D0673C1571 /* Pods_LearnToPlay.framework */; };
/* End PBXBuildFile section */

/* Begin PBXFileReference section */
		BF06DB142194901F0078C919 /* LearnToPlay.app */ = {isa = PBXFileReference; explicitFileType = wrapper.application; includeInIndex = 0; path = LearnToPlay.app; sourceTree = BUILT_PRODUCTS_DIR; };
		BF06DB172194901F0078C919 /* AppDelegate.swift */ = {isa = PBXFileReference; lastKnownFileType = sourcecode.swift; path = AppDelegate.swift; sourceTree = "<group>"; };
		BF06DB192194901F0078C919 /* LoginController.swift */ = {isa = PBXFileReference; lastKnownFileType = sourcecode.swift; path = LoginController.swift; sourceTree = "<group>"; };
		BF06DB1C2194901F0078C919 /* Base */ = {isa = PBXFileReference; lastKnownFileType = file.storyboard; name = Base; path = Base.lproj/Main.storyboard; sourceTree = "<group>"; };
		BF06DB1F2194901F0078C919 /* LearnToPlay.xcdatamodel */ = {isa = PBXFileReference; lastKnownFileType = wrapper.xcdatamodel; path = LearnToPlay.xcdatamodel; sourceTree = "<group>"; };
		BF06DB21219490210078C919 /* Assets.xcassets */ = {isa = PBXFileReference; lastKnownFileType = folder.assetcatalog; path = Assets.xcassets; sourceTree = "<group>"; };
		BF06DB24219490210078C919 /* Base */ = {isa = PBXFileReference; lastKnownFileType = file.storyboard; name = Base; path = Base.lproj/LaunchScreen.storyboard; sourceTree = "<group>"; };
		BF06DB26219490210078C919 /* Info.plist */ = {isa = PBXFileReference; lastKnownFileType = text.plist.xml; path = Info.plist; sourceTree = "<group>"; };
		BF06DB2C21949C3D0078C919 /* InicioController.swift */ = {isa = PBXFileReference; lastKnownFileType = sourcecode.swift; path = InicioController.swift; sourceTree = "<group>"; };
		BF06DB302194A9680078C919 /* GoogleService-Info.plist */ = {isa = PBXFileReference; fileEncoding = 4; lastKnownFileType = text.plist.xml; path = "GoogleService-Info.plist"; sourceTree = "<group>"; };
		BF06DB32219883E00078C919 /* CarruselController.swift */ = {isa = PBXFileReference; lastKnownFileType = sourcecode.swift; path = CarruselController.swift; sourceTree = "<group>"; };
		BF06DB352198F38D0078C919 /* CustomTabBarController.swift */ = {isa = PBXFileReference; lastKnownFileType = sourcecode.swift; path = CustomTabBarController.swift; sourceTree = "<group>"; };
		BF06DB38219918000078C919 /* AreasViewController.swift */ = {isa = PBXFileReference; lastKnownFileType = sourcecode.swift; path = AreasViewController.swift; sourceTree = "<group>"; };
		BF06DB3A219918880078C919 /* AreasCollectionCell.swift */ = {isa = PBXFileReference; lastKnownFileType = sourcecode.swift; path = AreasCollectionCell.swift; sourceTree = "<group>"; };
		BF06DB3C219918A50078C919 /* DetalleAreaController.swift */ = {isa = PBXFileReference; lastKnownFileType = sourcecode.swift; path = DetalleAreaController.swift; sourceTree = "<group>"; };
		BF06DB3F21992BA40078C919 /* MenuController.swift */ = {isa = PBXFileReference; lastKnownFileType = sourcecode.swift; path = MenuController.swift; sourceTree = "<group>"; };
		BF06DB4121992C9D0078C919 /* TerminosController.swift */ = {isa = PBXFileReference; lastKnownFileType = sourcecode.swift; path = TerminosController.swift; sourceTree = "<group>"; };
		BF06DB4321992CAA0078C919 /* PoliticasController.swift */ = {isa = PBXFileReference; lastKnownFileType = sourcecode.swift; path = PoliticasController.swift; sourceTree = "<group>"; };
		BF06DB4621994E560078C919 /* MateController.swift */ = {isa = PBXFileReference; lastKnownFileType = sourcecode.swift; path = MateController.swift; sourceTree = "<group>"; };
		BF06DB4921994E900078C919 /* EspanolController.swift */ = {isa = PBXFileReference; lastKnownFileType = sourcecode.swift; path = EspanolController.swift; sourceTree = "<group>"; };
		BF06DB4C21994EBB0078C919 /* HistoriaCulturaController.swift */ = {isa = PBXFileReference; lastKnownFileType = sourcecode.swift; path = HistoriaCulturaController.swift; sourceTree = "<group>"; };
		BF06DB4F21994EDE0078C919 /* GeografiaController.swift */ = {isa = PBXFileReference; lastKnownFileType = sourcecode.swift; path = GeografiaController.swift; sourceTree = "<group>"; };
		BF06DB5221994F040078C919 /* CienciasNaturalesController.swift */ = {isa = PBXFileReference; lastKnownFileType = sourcecode.swift; path = CienciasNaturalesController.swift; sourceTree = "<group>"; };
		BF06DB542199584D0078C919 /* MateCollectionCell.swift */ = {isa = PBXFileReference; lastKnownFileType = sourcecode.swift; path = MateCollectionCell.swift; sourceTree = "<group>"; };
		D74A67106319DF470AE1BB6B /* Pods-LearnToPlay.debug.xcconfig */ = {isa = PBXFileReference; includeInIndex = 1; lastKnownFileType = text.xcconfig; name = "Pods-LearnToPlay.debug.xcconfig"; path = "Pods/Target Support Files/Pods-LearnToPlay/Pods-LearnToPlay.debug.xcconfig"; sourceTree = "<group>"; };
		D8542D6A60BE45357467C2AF /* Pods-LearnToPlay.release.xcconfig */ = {isa = PBXFileReference; includeInIndex = 1; lastKnownFileType = text.xcconfig; name = "Pods-LearnToPlay.release.xcconfig"; path = "Pods/Target Support Files/Pods-LearnToPlay/Pods-LearnToPlay.release.xcconfig"; sourceTree = "<group>"; };
		EAC95A0ECC0DF9D0673C1571 /* Pods_LearnToPlay.framework */ = {isa = PBXFileReference; explicitFileType = wrapper.framework; includeInIndex = 0; path = Pods_LearnToPlay.framework; sourceTree = BUILT_PRODUCTS_DIR; };
/* End PBXFileReference section */

/* Begin PBXFrameworksBuildPhase section */
		BF06DB112194901F0078C919 /* Frameworks */ = {
			isa = PBXFrameworksBuildPhase;
			buildActionMask = 2147483647;
			files = (
				D8B1CD8B8D55A53955E7DC73 /* Pods_LearnToPlay.framework in Frameworks */,
			);
			runOnlyForDeploymentPostprocessing = 0;
		};
/* End PBXFrameworksBuildPhase section */

/* Begin PBXGroup section */
		6A7C55B330BF2414E31EC0A0 /* Frameworks */ = {
			isa = PBXGroup;
			children = (
				EAC95A0ECC0DF9D0673C1571 /* Pods_LearnToPlay.framework */,
			);
			name = Frameworks;
			sourceTree = "<group>";
		};
		BF06DB0B2194901F0078C919 = {
			isa = PBXGroup;
			children = (
				BF06DB162194901F0078C919 /* LearnToPlay */,
				BF06DB152194901F0078C919 /* Products */,
				C00EA3ADAAB7658F90F08FFE /* Pods */,
				6A7C55B330BF2414E31EC0A0 /* Frameworks */,
			);
			sourceTree = "<group>";
		};
		BF06DB152194901F0078C919 /* Products */ = {
			isa = PBXGroup;
			children = (
				BF06DB142194901F0078C919 /* LearnToPlay.app */,
			);
			name = Products;
			sourceTree = "<group>";
		};
		BF06DB162194901F0078C919 /* LearnToPlay */ = {
			isa = PBXGroup;
			children = (
				BF06DB3E21991D240078C919 /* MenuControllers */,
				BF06DB37219917580078C919 /* AreasControllers */,
				BF06DB342198F3320078C919 /* TabBarControllers */,
				BF06DB2F21949C7C0078C919 /* InicioControllers */,
				BF06DB2E21949C6A0078C919 /* LoginControllers */,
				BF06DB172194901F0078C919 /* AppDelegate.swift */,
				BF06DB1B2194901F0078C919 /* Main.storyboard */,
				BF06DB21219490210078C919 /* Assets.xcassets */,
				BF06DB23219490210078C919 /* LaunchScreen.storyboard */,
				BF06DB26219490210078C919 /* Info.plist */,
				BF06DB302194A9680078C919 /* GoogleService-Info.plist */,
				BF06DB1E2194901F0078C919 /* LearnToPlay.xcdatamodeld */,
			);
			path = LearnToPlay;
			sourceTree = "<group>";
		};
		BF06DB2E21949C6A0078C919 /* LoginControllers */ = {
			isa = PBXGroup;
			children = (
				BF06DB192194901F0078C919 /* LoginController.swift */,
			);
			path = LoginControllers;
			sourceTree = "<group>";
		};
		BF06DB2F21949C7C0078C919 /* InicioControllers */ = {
			isa = PBXGroup;
			children = (
				BF06DB2C21949C3D0078C919 /* InicioController.swift */,
				BF06DB32219883E00078C919 /* CarruselController.swift */,
			);
			path = InicioControllers;
			sourceTree = "<group>";
		};
		BF06DB342198F3320078C919 /* TabBarControllers */ = {
			isa = PBXGroup;
			children = (
				BF06DB352198F38D0078C919 /* CustomTabBarController.swift */,
			);
			path = TabBarControllers;
			sourceTree = "<group>";
		};
		BF06DB37219917580078C919 /* AreasControllers */ = {
			isa = PBXGroup;
			children = (
				BF06DB38219918000078C919 /* AreasViewController.swift */,
				BF06DB3A219918880078C919 /* AreasCollectionCell.swift */,
				BF06DB3C219918A50078C919 /* DetalleAreaController.swift */,
				BF06DB5121994EE30078C919 /* CNaturalesControllers */,
				BF06DB4E21994EC70078C919 /* GeoControllers */,
				BF06DB4B21994E990078C919 /* HistoCulControllers */,
				BF06DB4821994E670078C919 /* SpanishControllers */,
				BF06DB4521994E380078C919 /* MateControllers */,
			);
			path = AreasControllers;
			sourceTree = "<group>";
		};
		BF06DB3E21991D240078C919 /* MenuControllers */ = {
			isa = PBXGroup;
			children = (
				BF06DB3F21992BA40078C919 /* MenuController.swift */,
				BF06DB4121992C9D0078C919 /* TerminosController.swift */,
				BF06DB4321992CAA0078C919 /* PoliticasController.swift */,
			);
			path = MenuControllers;
			sourceTree = "<group>";
		};
		BF06DB4521994E380078C919 /* MateControllers */ = {
			isa = PBXGroup;
			children = (
				BF06DB4621994E560078C919 /* MateController.swift */,
				BF06DB542199584D0078C919 /* MateCollectionCell.swift */,
			);
			path = MateControllers;
			sourceTree = "<group>";
		};
		BF06DB4821994E670078C919 /* SpanishControllers */ = {
			isa = PBXGroup;
			children = (
				BF06DB4921994E900078C919 /* EspanolController.swift */,
			);
			path = SpanishControllers;
			sourceTree = "<group>";
		};
		BF06DB4B21994E990078C919 /* HistoCulControllers */ = {
			isa = PBXGroup;
			children = (
				BF06DB4C21994EBB0078C919 /* HistoriaCulturaController.swift */,
			);
			path = HistoCulControllers;
			sourceTree = "<group>";
		};
		BF06DB4E21994EC70078C919 /* GeoControllers */ = {
			isa = PBXGroup;
			children = (
				BF06DB4F21994EDE0078C919 /* GeografiaController.swift */,
			);
			path = GeoControllers;
			sourceTree = "<group>";
		};
		BF06DB5121994EE30078C919 /* CNaturalesControllers */ = {
			isa = PBXGroup;
			children = (
				BF06DB5221994F040078C919 /* CienciasNaturalesController.swift */,
			);
			path = CNaturalesControllers;
			sourceTree = "<group>";
		};
		C00EA3ADAAB7658F90F08FFE /* Pods */ = {
			isa = PBXGroup;
			children = (
				D74A67106319DF470AE1BB6B /* Pods-LearnToPlay.debug.xcconfig */,
				D8542D6A60BE45357467C2AF /* Pods-LearnToPlay.release.xcconfig */,
			);
			name = Pods;
			sourceTree = "<group>";
		};
/* End PBXGroup section */

/* Begin PBXNativeTarget section */
		BF06DB132194901F0078C919 /* LearnToPlay */ = {
			isa = PBXNativeTarget;
			buildConfigurationList = BF06DB29219490210078C919 /* Build configuration list for PBXNativeTarget "LearnToPlay" */;
			buildPhases = (
				B961970ABF3E2E5B9FAFD215 /* [CP] Check Pods Manifest.lock */,
				BF06DB102194901F0078C919 /* Sources */,
				BF06DB112194901F0078C919 /* Frameworks */,
				BF06DB122194901F0078C919 /* Resources */,
				9F7DAF356A955D7E577BCBE1 /* [CP] Embed Pods Frameworks */,
				8B61FBF7E9126F18F3B4ADDB /* [CP] Copy Pods Resources */,
			);
			buildRules = (
			);
			dependencies = (
			);
			name = LearnToPlay;
			productName = LearnToPlay;
			productReference = BF06DB142194901F0078C919 /* LearnToPlay.app */;
			productType = "com.apple.product-type.application";
		};
/* End PBXNativeTarget section */

/* Begin PBXProject section */
		BF06DB0C2194901F0078C919 /* Project object */ = {
			isa = PBXProject;
			attributes = {
				LastSwiftUpdateCheck = 0940;
				LastUpgradeCheck = 0940;
				ORGANIZATIONNAME = "Lu Ramirez Tlax";
				TargetAttributes = {
					BF06DB132194901F0078C919 = {
						CreatedOnToolsVersion = 9.4.1;
					};
				};
			};
			buildConfigurationList = BF06DB0F2194901F0078C919 /* Build configuration list for PBXProject "LearnToPlay" */;
			compatibilityVersion = "Xcode 9.3";
			developmentRegion = en;
			hasScannedForEncodings = 0;
			knownRegions = (
				en,
				Base,
			);
			mainGroup = BF06DB0B2194901F0078C919;
			productRefGroup = BF06DB152194901F0078C919 /* Products */;
			projectDirPath = "";
			projectRoot = "";
			targets = (
				BF06DB132194901F0078C919 /* LearnToPlay */,
			);
		};
/* End PBXProject section */

/* Begin PBXResourcesBuildPhase section */
		BF06DB122194901F0078C919 /* Resources */ = {
			isa = PBXResourcesBuildPhase;
			buildActionMask = 2147483647;
			files = (
				BF06DB25219490210078C919 /* LaunchScreen.storyboard in Resources */,
				BF06DB312194A9680078C919 /* GoogleService-Info.plist in Resources */,
				BF06DB22219490210078C919 /* Assets.xcassets in Resources */,
				BF06DB1D2194901F0078C919 /* Main.storyboard in Resources */,
			);
			runOnlyForDeploymentPostprocessing = 0;
		};
/* End PBXResourcesBuildPhase section */

/* Begin PBXShellScriptBuildPhase section */
		8B61FBF7E9126F18F3B4ADDB /* [CP] Copy Pods Resources */ = {
			isa = PBXShellScriptBuildPhase;
			buildActionMask = 2147483647;
			files = (
			);
			inputPaths = (
				"${SRCROOT}/Pods/Target Support Files/Pods-LearnToPlay/Pods-LearnToPlay-resources.sh",
				"${PODS_CONFIGURATION_BUILD_DIR}/FirebaseUI/FirebaseAuthUI.bundle",
				"${PODS_CONFIGURATION_BUILD_DIR}/FirebaseUI/FirebaseFacebookAuthUI.bundle",
				"${PODS_CONFIGURATION_BUILD_DIR}/FirebaseUI/FirebaseGoogleAuthUI.bundle",
				"${PODS_ROOT}/GoogleSignIn/Resources/GoogleSignIn.bundle",
			);
			name = "[CP] Copy Pods Resources";
			outputPaths = (
				"${TARGET_BUILD_DIR}/${UNLOCALIZED_RESOURCES_FOLDER_PATH}/FirebaseAuthUI.bundle",
				"${TARGET_BUILD_DIR}/${UNLOCALIZED_RESOURCES_FOLDER_PATH}/FirebaseFacebookAuthUI.bundle",
				"${TARGET_BUILD_DIR}/${UNLOCALIZED_RESOURCES_FOLDER_PATH}/FirebaseGoogleAuthUI.bundle",
				"${TARGET_BUILD_DIR}/${UNLOCALIZED_RESOURCES_FOLDER_PATH}/GoogleSignIn.bundle",
			);
			runOnlyForDeploymentPostprocessing = 0;
			shellPath = /bin/sh;
			shellScript = "\"${SRCROOT}/Pods/Target Support Files/Pods-LearnToPlay/Pods-LearnToPlay-resources.sh\"\n";
			showEnvVarsInLog = 0;
		};
		9F7DAF356A955D7E577BCBE1 /* [CP] Embed Pods Frameworks */ = {
			isa = PBXShellScriptBuildPhase;
			buildActionMask = 2147483647;
			files = (
			);
			inputPaths = (
				"${SRCROOT}/Pods/Target Support Files/Pods-LearnToPlay/Pods-LearnToPlay-frameworks.sh",
				"${BUILT_PRODUCTS_DIR}/Bolts/Bolts.framework",
				"${BUILT_PRODUCTS_DIR}/FBSDKCoreKit/FBSDKCoreKit.framework",
				"${BUILT_PRODUCTS_DIR}/FBSDKLoginKit/FBSDKLoginKit.framework",
				"${BUILT_PRODUCTS_DIR}/FacebookCore/FacebookCore.framework",
				"${BUILT_PRODUCTS_DIR}/FacebookLogin/FacebookLogin.framework",
				"${BUILT_PRODUCTS_DIR}/GTMOAuth2/GTMOAuth2.framework",
				"${BUILT_PRODUCTS_DIR}/GTMSessionFetcher/GTMSessionFetcher.framework",
				"${BUILT_PRODUCTS_DIR}/GoogleToolboxForMac/GoogleToolboxForMac.framework",
				"${BUILT_PRODUCTS_DIR}/leveldb-library/leveldb.framework",
				"${BUILT_PRODUCTS_DIR}/nanopb/nanopb.framework",
			);
			name = "[CP] Embed Pods Frameworks";
			outputPaths = (
				"${TARGET_BUILD_DIR}/${FRAMEWORKS_FOLDER_PATH}/Bolts.framework",
				"${TARGET_BUILD_DIR}/${FRAMEWORKS_FOLDER_PATH}/FBSDKCoreKit.framework",
				"${TARGET_BUILD_DIR}/${FRAMEWORKS_FOLDER_PATH}/FBSDKLoginKit.framework",
				"${TARGET_BUILD_DIR}/${FRAMEWORKS_FOLDER_PATH}/FacebookCore.framework",
				"${TARGET_BUILD_DIR}/${FRAMEWORKS_FOLDER_PATH}/FacebookLogin.framework",
				"${TARGET_BUILD_DIR}/${FRAMEWORKS_FOLDER_PATH}/GTMOAuth2.framework",
				"${TARGET_BUILD_DIR}/${FRAMEWORKS_FOLDER_PATH}/GTMSessionFetcher.framework",
				"${TARGET_BUILD_DIR}/${FRAMEWORKS_FOLDER_PATH}/GoogleToolboxForMac.framework",
				"${TARGET_BUILD_DIR}/${FRAMEWORKS_FOLDER_PATH}/leveldb.framework",
				"${TARGET_BUILD_DIR}/${FRAMEWORKS_FOLDER_PATH}/nanopb.framework",
			);
			runOnlyForDeploymentPostprocessing = 0;
			shellPath = /bin/sh;
			shellScript = "\"${SRCROOT}/Pods/Target Support Files/Pods-LearnToPlay/Pods-LearnToPlay-frameworks.sh\"\n";
			showEnvVarsInLog = 0;
		};
		B961970ABF3E2E5B9FAFD215 /* [CP] Check Pods Manifest.lock */ = {
			isa = PBXShellScriptBuildPhase;
			buildActionMask = 2147483647;
			files = (
			);
			inputPaths = (
				"${PODS_PODFILE_DIR_PATH}/Podfile.lock",
				"${PODS_ROOT}/Manifest.lock",
			);
			name = "[CP] Check Pods Manifest.lock";
			outputPaths = (
				"$(DERIVED_FILE_DIR)/Pods-LearnToPlay-checkManifestLockResult.txt",
			);
			runOnlyForDeploymentPostprocessing = 0;
			shellPath = /bin/sh;
			shellScript = "diff \"${PODS_PODFILE_DIR_PATH}/Podfile.lock\" \"${PODS_ROOT}/Manifest.lock\" > /dev/null\nif [ $? != 0 ] ; then\n    # print error to STDERR\n    echo \"error: The sandbox is not in sync with the Podfile.lock. Run 'pod install' or update your CocoaPods installation.\" >&2\n    exit 1\nfi\n# This output is used by Xcode 'outputs' to avoid re-running this script phase.\necho \"SUCCESS\" > \"${SCRIPT_OUTPUT_FILE_0}\"\n";
			showEnvVarsInLog = 0;
		};
/* End PBXShellScriptBuildPhase section */

/* Begin PBXSourcesBuildPhase section */
		BF06DB102194901F0078C919 /* Sources */ = {
			isa = PBXSourcesBuildPhase;
			buildActionMask = 2147483647;
			files = (
				BF06DB4D21994EBB0078C919 /* HistoriaCulturaController.swift in Sources */,
				BF06DB4721994E560078C919 /* MateController.swift in Sources */,
				BF06DB4021992BA40078C919 /* MenuController.swift in Sources */,
				BF06DB2D21949C3D0078C919 /* InicioController.swift in Sources */,
				BF06DB33219883E00078C919 /* CarruselController.swift in Sources */,
				BF06DB5321994F040078C919 /* CienciasNaturalesController.swift in Sources */,
				BF06DB3D219918A50078C919 /* DetalleAreaController.swift in Sources */,
				BF06DB4421992CAA0078C919 /* PoliticasController.swift in Sources */,
				BF06DB4A21994E900078C919 /* EspanolController.swift in Sources */,
				BF06DB39219918000078C919 /* AreasViewController.swift in Sources */,
				BF06DB552199584D0078C919 /* MateCollectionCell.swift in Sources */,
				BF06DB4221992C9D0078C919 /* TerminosController.swift in Sources */,
				BF06DB362198F38D0078C919 /* CustomTabBarController.swift in Sources */,
				BF06DB3B219918880078C919 /* AreasCollectionCell.swift in Sources */,
				BF06DB1A2194901F0078C919 /* LoginController.swift in Sources */,
				BF06DB5021994EDE0078C919 /* GeografiaController.swift in Sources */,
				BF06DB182194901F0078C919 /* AppDelegate.swift in Sources */,
				BF06DB202194901F0078C919 /* LearnToPlay.xcdatamodeld in Sources */,
			);
			runOnlyForDeploymentPostprocessing = 0;
		};
/* End PBXSourcesBuildPhase section */

/* Begin PBXVariantGroup section */
		BF06DB1B2194901F0078C919 /* Main.storyboard */ = {
			isa = PBXVariantGroup;
			children = (
				BF06DB1C2194901F0078C919 /* Base */,
			);
			name = Main.storyboard;
			sourceTree = "<group>";
		};
		BF06DB23219490210078C919 /* LaunchScreen.storyboard */ = {
			isa = PBXVariantGroup;
			children = (
				BF06DB24219490210078C919 /* Base */,
			);
			name = LaunchScreen.storyboard;
			sourceTree = "<group>";
		};
/* End PBXVariantGroup section */

/* Begin XCBuildConfiguration section */
		BF06DB27219490210078C919 /* Debug */ = {
			isa = XCBuildConfiguration;
			buildSettings = {
				ALWAYS_SEARCH_USER_PATHS = NO;
				CLANG_ANALYZER_NONNULL = YES;
				CLANG_ANALYZER_NUMBER_OBJECT_CONVERSION = YES_AGGRESSIVE;
				CLANG_CXX_LANGUAGE_STANDARD = "gnu++14";
				CLANG_CXX_LIBRARY = "libc++";
				CLANG_ENABLE_MODULES = YES;
				CLANG_ENABLE_OBJC_ARC = YES;
				CLANG_ENABLE_OBJC_WEAK = YES;
				CLANG_WARN_BLOCK_CAPTURE_AUTORELEASING = YES;
				CLANG_WARN_BOOL_CONVERSION = YES;
				CLANG_WARN_COMMA = YES;
				CLANG_WARN_CONSTANT_CONVERSION = YES;
				CLANG_WARN_DEPRECATED_OBJC_IMPLEMENTATIONS = YES;
				CLANG_WARN_DIRECT_OBJC_ISA_USAGE = YES_ERROR;
				CLANG_WARN_DOCUMENTATION_COMMENTS = YES;
				CLANG_WARN_EMPTY_BODY = YES;
				CLANG_WARN_ENUM_CONVERSION = YES;
				CLANG_WARN_INFINITE_RECURSION = YES;
				CLANG_WARN_INT_CONVERSION = YES;
				CLANG_WARN_NON_LITERAL_NULL_CONVERSION = YES;
				CLANG_WARN_OBJC_IMPLICIT_RETAIN_SELF = YES;
				CLANG_WARN_OBJC_LITERAL_CONVERSION = YES;
				CLANG_WARN_OBJC_ROOT_CLASS = YES_ERROR;
				CLANG_WARN_RANGE_LOOP_ANALYSIS = YES;
				CLANG_WARN_STRICT_PROTOTYPES = YES;
				CLANG_WARN_SUSPICIOUS_MOVE = YES;
				CLANG_WARN_UNGUARDED_AVAILABILITY = YES_AGGRESSIVE;
				CLANG_WARN_UNREACHABLE_CODE = YES;
				CLANG_WARN__DUPLICATE_METHOD_MATCH = YES;
				CODE_SIGN_IDENTITY = "iPhone Developer";
				COPY_PHASE_STRIP = NO;
				DEBUG_INFORMATION_FORMAT = dwarf;
				ENABLE_STRICT_OBJC_MSGSEND = YES;
				ENABLE_TESTABILITY = YES;
				GCC_C_LANGUAGE_STANDARD = gnu11;
				GCC_DYNAMIC_NO_PIC = NO;
				GCC_NO_COMMON_BLOCKS = YES;
				GCC_OPTIMIZATION_LEVEL = 0;
				GCC_PREPROCESSOR_DEFINITIONS = (
					"DEBUG=1",
					"$(inherited)",
				);
				GCC_WARN_64_TO_32_BIT_CONVERSION = YES;
				GCC_WARN_ABOUT_RETURN_TYPE = YES_ERROR;
				GCC_WARN_UNDECLARED_SELECTOR = YES;
				GCC_WARN_UNINITIALIZED_AUTOS = YES_AGGRESSIVE;
				GCC_WARN_UNUSED_FUNCTION = YES;
				GCC_WARN_UNUSED_VARIABLE = YES;
				IPHONEOS_DEPLOYMENT_TARGET = 11.4;
				MTL_ENABLE_DEBUG_INFO = YES;
				ONLY_ACTIVE_ARCH = YES;
				SDKROOT = iphoneos;
				SWIFT_ACTIVE_COMPILATION_CONDITIONS = DEBUG;
				SWIFT_OPTIMIZATION_LEVEL = "-Onone";
			};
			name = Debug;
		};
		BF06DB28219490210078C919 /* Release */ = {
			isa = XCBuildConfiguration;
			buildSettings = {
				ALWAYS_SEARCH_USER_PATHS = NO;
				CLANG_ANALYZER_NONNULL = YES;
				CLANG_ANALYZER_NUMBER_OBJECT_CONVERSION = YES_AGGRESSIVE;
				CLANG_CXX_LANGUAGE_STANDARD = "gnu++14";
				CLANG_CXX_LIBRARY = "libc++";
				CLANG_ENABLE_MODULES = YES;
				CLANG_ENABLE_OBJC_ARC = YES;
				CLANG_ENABLE_OBJC_WEAK = YES;
				CLANG_WARN_BLOCK_CAPTURE_AUTORELEASING = YES;
				CLANG_WARN_BOOL_CONVERSION = YES;
				CLANG_WARN_COMMA = YES;
				CLANG_WARN_CONSTANT_CONVERSION = YES;
				CLANG_WARN_DEPRECATED_OBJC_IMPLEMENTATIONS = YES;
				CLANG_WARN_DIRECT_OBJC_ISA_USAGE = YES_ERROR;
				CLANG_WARN_DOCUMENTATION_COMMENTS = YES;
				CLANG_WARN_EMPTY_BODY = YES;
				CLANG_WARN_ENUM_CONVERSION = YES;
				CLANG_WARN_INFINITE_RECURSION = YES;
				CLANG_WARN_INT_CONVERSION = YES;
				CLANG_WARN_NON_LITERAL_NULL_CONVERSION = YES;
				CLANG_WARN_OBJC_IMPLICIT_RETAIN_SELF = YES;
				CLANG_WARN_OBJC_LITERAL_CONVERSION = YES;
				CLANG_WARN_OBJC_ROOT_CLASS = YES_ERROR;
				CLANG_WARN_RANGE_LOOP_ANALYSIS = YES;
				CLANG_WARN_STRICT_PROTOTYPES = YES;
				CLANG_WARN_SUSPICIOUS_MOVE = YES;
				CLANG_WARN_UNGUARDED_AVAILABILITY = YES_AGGRESSIVE;
				CLANG_WARN_UNREACHABLE_CODE = YES;
				CLANG_WARN__DUPLICATE_METHOD_MATCH = YES;
				CODE_SIGN_IDENTITY = "iPhone Developer";
				COPY_PHASE_STRIP = NO;
				DEBUG_INFORMATION_FORMAT = "dwarf-with-dsym";
				ENABLE_NS_ASSERTIONS = NO;
				ENABLE_STRICT_OBJC_MSGSEND = YES;
				GCC_C_LANGUAGE_STANDARD = gnu11;
				GCC_NO_COMMON_BLOCKS = YES;
				GCC_WARN_64_TO_32_BIT_CONVERSION = YES;
				GCC_WARN_ABOUT_RETURN_TYPE = YES_ERROR;
				GCC_WARN_UNDECLARED_SELECTOR = YES;
				GCC_WARN_UNINITIALIZED_AUTOS = YES_AGGRESSIVE;
				GCC_WARN_UNUSED_FUNCTION = YES;
				GCC_WARN_UNUSED_VARIABLE = YES;
				IPHONEOS_DEPLOYMENT_TARGET = 11.4;
				MTL_ENABLE_DEBUG_INFO = NO;
				SDKROOT = iphoneos;
				SWIFT_COMPILATION_MODE = wholemodule;
				SWIFT_OPTIMIZATION_LEVEL = "-O";
				VALIDATE_PRODUCT = YES;
			};
			name = Release;
		};
		BF06DB2A219490210078C919 /* Debug */ = {
			isa = XCBuildConfiguration;
			baseConfigurationReference = D74A67106319DF470AE1BB6B /* Pods-LearnToPlay.debug.xcconfig */;
			buildSettings = {
				ASSETCATALOG_COMPILER_APPICON_NAME = AppIcon;
				CODE_SIGN_STYLE = Automatic;
				DEVELOPMENT_TEAM = 6YWG9U858E;
				INFOPLIST_FILE = LearnToPlay/Info.plist;
				LD_RUNPATH_SEARCH_PATHS = (
					"$(inherited)",
					"@executable_path/Frameworks",
				);
				PRODUCT_BUNDLE_IDENTIFIER = com.LuRamirezTlax.LearnToPlay;
				PRODUCT_NAME = "$(TARGET_NAME)";
				SWIFT_VERSION = 4.0;
				TARGETED_DEVICE_FAMILY = "1,2";
			};
			name = Debug;
		};
		BF06DB2B219490210078C919 /* Release */ = {
			isa = XCBuildConfiguration;
			baseConfigurationReference = D8542D6A60BE45357467C2AF /* Pods-LearnToPlay.release.xcconfig */;
			buildSettings = {
				ASSETCATALOG_COMPILER_APPICON_NAME = AppIcon;
				CODE_SIGN_STYLE = Automatic;
				DEVELOPMENT_TEAM = 6YWG9U858E;
				INFOPLIST_FILE = LearnToPlay/Info.plist;
				LD_RUNPATH_SEARCH_PATHS = (
					"$(inherited)",
					"@executable_path/Frameworks",
				);
				PRODUCT_BUNDLE_IDENTIFIER = com.LuRamirezTlax.LearnToPlay;
				PRODUCT_NAME = "$(TARGET_NAME)";
				SWIFT_VERSION = 4.0;
				TARGETED_DEVICE_FAMILY = "1,2";
			};
			name = Release;
		};
/* End XCBuildConfiguration section */

/* Begin XCConfigurationList section */
		BF06DB0F2194901F0078C919 /* Build configuration list for PBXProject "LearnToPlay" */ = {
			isa = XCConfigurationList;
			buildConfigurations = (
				BF06DB27219490210078C919 /* Debug */,
				BF06DB28219490210078C919 /* Release */,
			);
			defaultConfigurationIsVisible = 0;
			defaultConfigurationName = Release;
		};
		BF06DB29219490210078C919 /* Build configuration list for PBXNativeTarget "LearnToPlay" */ = {
			isa = XCConfigurationList;
			buildConfigurations = (
				BF06DB2A219490210078C919 /* Debug */,
				BF06DB2B219490210078C919 /* Release */,
			);
			defaultConfigurationIsVisible = 0;
			defaultConfigurationName = Release;
		};
/* End XCConfigurationList section */

/* Begin XCVersionGroup section */
		BF06DB1E2194901F0078C919 /* LearnToPlay.xcdatamodeld */ = {
			isa = XCVersionGroup;
			children = (
				BF06DB1F2194901F0078C919 /* LearnToPlay.xcdatamodel */,
			);
			currentVersion = BF06DB1F2194901F0078C919 /* LearnToPlay.xcdatamodel */;
			path = LearnToPlay.xcdatamodeld;
			sourceTree = "<group>";
			versionGroupType = wrapper.xcdatamodel;
		};
/* End XCVersionGroup section */
	};
	rootObject = BF06DB0C2194901F0078C919 /* Project object */;
}
